{
  "name": "gladys-gateway-js",
  "version": "0.1.0",
  "lockfileVersion": 1,
  "requires": true,
  "dependencies": {
    "array-buffer-to-hex": {
      "version": "1.0.0",
      "resolved": "https://registry.npmjs.org/array-buffer-to-hex/-/array-buffer-to-hex-1.0.0.tgz",
      "integrity": "sha512-arycdkxgK1cj6s03GDb96tlCxOl1n3kg9M2OHseUc6Pqyqp+lgfceFPmG507eI5V+oxOSEnlOw/dFc7LXBXF4Q=="
    },
    "crypto-digest-sync": {
      "version": "1.0.0",
      "resolved": "https://registry.npmjs.org/crypto-digest-sync/-/crypto-digest-sync-1.0.0.tgz",
      "integrity": "sha512-UQBOB5z+HF4iA8shKQ3PPwhCmdFAihwcytD1Qh4uiz78x04cZZmKtZ1F1VyAjkrA8uEZqXt2tMXfj3dJHtcbng=="
    },
    "crypto-random-hex": {
      "version": "1.0.0",
      "resolved": "https://registry.npmjs.org/crypto-random-hex/-/crypto-random-hex-1.0.0.tgz",
      "integrity": "sha512-1DuZQ03El13TRgfrqbbjW40Gvi4OKInny/Wxqj23/JMXe214C/3Tlz92bKXWDW3NZT5RjXUGdYW4qiIOUPf+cA==",
      "requires": {
        "array-buffer-to-hex": "1.0.0"
      }
    },
    "encode-utf8": {
      "version": "1.0.2",
      "resolved": "https://registry.npmjs.org/encode-utf8/-/encode-utf8-1.0.2.tgz",
      "integrity": "sha512-uZHa/WomOJYUuRznENTRZZI7DCpwC6rdKIXPYJU79Oeo5+QN24bL0uisuTm1TeWtmncS7J5or2Z0c/3k29yz3A=="
    },
    "hex-to-array-buffer": {
      "version": "1.1.0",
      "resolved": "https://registry.npmjs.org/hex-to-array-buffer/-/hex-to-array-buffer-1.1.0.tgz",
      "integrity": "sha512-vvl3IM8FfT1uOnHtEqyjkDK9Luqz6MQrH82qIvVnjyXxRhkeaEZyRRPiBgf2yym3nweRVEfayxt/1SoTXZYd4Q=="
    },
    "jsbn": {
      "version": "1.1.0",
      "resolved": "https://registry.npmjs.org/jsbn/-/jsbn-1.1.0.tgz",
      "integrity": "sha1-sBMHyym2GKHtJux56RH4A8TaAEA="
    },
    "pad-start": {
      "version": "1.0.2",
      "resolved": "https://registry.npmjs.org/pad-start/-/pad-start-1.0.2.tgz",
      "integrity": "sha1-I+W6s+lkRrYoFs/28VCXXwQNGxQ="
    },
    "secure-remote-password": {
      "version": "0.3.1",
      "resolved": "https://registry.npmjs.org/secure-remote-password/-/secure-remote-password-0.3.1.tgz",
      "integrity": "sha512-iEp/qLRfb9XYhfKFrPFfdeD7KVreCjhDKSTRP1G1nRIO0Sw1hjnVHD58ymOhiy9Zf5quHbDIbG9cTupji7qwnA==",
      "requires": {
        "array-buffer-to-hex": "1.0.0",
        "crypto-digest-sync": "1.0.0",
        "crypto-random-hex": "1.0.0",
        "encode-utf8": "1.0.2",
        "hex-to-array-buffer": "1.1.0",
        "jsbn": "1.1.0",
        "pad-start": "1.0.2"
      }
    }
  }
}
